
Microsoft Visual Studio Solution File, Format Version 12.00
# Visual Studio Version 17
VisualStudioVersion = 17.1.32210.238
MinimumVisualStudioVersion = 10.0.40219.1
Project("{9A19103F-16F7-4668-BE54-9A1E7A4F7556}") = "DotNetSketchbook", "DotNetSketchbook.csproj", "{AFCF19E8-8CFA-4454-8C2B-6E86EFAD0AA1}"
EndProject
Global
	GlobalSection(SolutionConfigurationPlatforms) = preSolution
		Debug|Any CPU = Debug|Any CPU
		Release|Any CPU = Release|Any CPU
	EndGlobalSection
	GlobalSection(ProjectConfigurationPlatforms) = postSolution
		{AFCF19E8-8CFA-4454-8C2B-6E86EFAD0AA1}.Debug|Any CPU.ActiveCfg = Debug|Any CPU
		{AFCF19E8-8CFA-4454-8C2B-6E86EFAD0AA1}.Debug|Any CPU.Build.0 = Debug|Any CPU
		{AFCF19E8-8CFA-4454-8C2B-6E86EFAD0AA1}.Release|Any CPU.ActiveCfg = Release|Any CPU
		{AFCF19E8-8CFA-4454-8C2B-6E86EFAD0AA1}.Release|Any CPU.Build.0 = Release|Any CPU
	EndGlobalSection
	GlobalSection(SolutionProperties) = preSolution
		HideSolutionNode = FALSE
	EndGlobalSection
	GlobalSection(ExtensibilityGlobals) = postSolution
		SolutionGuid = {C4FEA622-5E16-441D-9A53-D2587433BB02}
	EndGlobalSection
EndGlobal
